# This file is autogenerated, do not edit; changes may be undone by the next 'dep ensure'.


[[projects]]
  name = "github.com/google/go-cmp"
  packages = [
    "cmp",
    "cmp/internal/diff",
    "cmp/internal/function",
    "cmp/internal/value"
  ]
  revision = "3af367b6b30c263d47e8895973edcca9a49cf029"
  version = "v0.2.0"

[[projects]]
  name = "github.com/gotestyourself/gotestyourself"
  packages = [
    "assert",
    "assert/cmp",
    "golden",
    "internal/format",
    "internal/source"
  ]
  revision = "03704babdbbc36b67d9a4cd94c9e00adf82f339f"
  version = "v1.3.0"

[[projects]]
  name = "github.com/opsidian/parsley"
  packages = [
    "ast",
    "ast/builder",
    "combinator",
    "data",
    "parser",
    "parsley",
    "reader",
    "text",
    "text/terminal"
  ]
  revision = "ecf22873d952728e0535173be128fd52873234cd"
  version = "0.5.0"

[[projects]]
  name = "github.com/pkg/errors"
  packages = ["."]
  revision = "645ef00459ed84a119197bfb8d8205042c6df63d"
  version = "v0.8.0"

[[projects]]
  name = "github.com/pmezard/go-difflib"
  packages = ["difflib"]
  revision = "792786c7400a136282c1664665ae0a8db921c6c2"
  version = "v1.0.0"

[solve-meta]
  analyzer-name = "dep"
  analyzer-version = 1
  inputs-digest = "45c83393d9bea66b2365fe90a83de4ce08519234549bd7b7e88f2d56992c8804"
  solver-name = "gps-cdcl"
  solver-version = 1
